
Microsoft Visual Studio Solution File, Format Version 12.00
# Visual Studio Version 16
VisualStudioVersion = 16.0.29418.71
MinimumVisualStudioVersion = 10.0.40219.1
Project("{FAE04EC0-301F-11D3-BF4B-00C04F79EFBC}") = "queue", "queue\queue.csproj", "{D8866990-E669-4FEB-9ED7-6A10F2906644}"
EndProject
Global
	GlobalSection(SolutionConfigurationPlatforms) = preSolution
		Debug|Any CPU = Debug|Any CPU
		Release|Any CPU = Release|Any CPU
	EndGlobalSection
	GlobalSection(ProjectConfigurationPlatforms) = postSolution
		{D8866990-E669-4FEB-9ED7-6A10F2906644}.Debug|Any CPU.ActiveCfg = Debug|Any CPU
		{D8866990-E669-4FEB-9ED7-6A10F2906644}.Debug|Any CPU.Build.0 = Debug|Any CPU
		{D8866990-E669-4FEB-9ED7-6A10F2906644}.Release|Any CPU.ActiveCfg = Release|Any CPU
		{D8866990-E669-4FEB-9ED7-6A10F2906644}.Release|Any CPU.Build.0 = Release|Any CPU
	EndGlobalSection
	GlobalSection(SolutionProperties) = preSolution
		HideSolutionNode = FALSE
	EndGlobalSection
	GlobalSection(ExtensibilityGlobals) = postSolution
		SolutionGuid = {2D50703A-36C9-49BA-BA64-34DE726F9C11}
	EndGlobalSection
EndGlobal
